
Microsoft Visual Studio Solution File, Format Version 12.00
# Visual Studio 15
VisualStudioVersion = 15.0.27130.2020
MinimumVisualStudioVersion = 10.0.40219.1
Project("{F184B08F-C81C-45F6-A57F-5ABD9991F28F}") = "week1", "week1\week1.vbproj", "{49AD22C2-4CBA-4FC1-97AD-3F8CEDA2A589}"
EndProject
Global
	GlobalSection(SolutionConfigurationPlatforms) = preSolution
		Debug|Any CPU = Debug|Any CPU
		Release|Any CPU = Release|Any CPU
	EndGlobalSection
	GlobalSection(ProjectConfigurationPlatforms) = postSolution
		{49AD22C2-4CBA-4FC1-97AD-3F8CEDA2A589}.Debug|Any CPU.ActiveCfg = Debug|Any CPU
		{49AD22C2-4CBA-4FC1-97AD-3F8CEDA2A589}.Debug|Any CPU.Build.0 = Debug|Any CPU
		{49AD22C2-4CBA-4FC1-97AD-3F8CEDA2A589}.Release|Any CPU.ActiveCfg = Release|Any CPU
		{49AD22C2-4CBA-4FC1-97AD-3F8CEDA2A589}.Release|Any CPU.Build.0 = Release|Any CPU
	EndGlobalSection
	GlobalSection(SolutionProperties) = preSolution
		HideSolutionNode = FALSE
	EndGlobalSection
	GlobalSection(ExtensibilityGlobals) = postSolution
		SolutionGuid = {0DF9701A-2E0B-4D3C-AEE4-DBCA30011D3E}
	EndGlobalSection
EndGlobal
